
Microsoft Visual Studio Solution File, Format Version 12.00
# Visual Studio Version 17
VisualStudioVersion = 17.1.32319.34
MinimumVisualStudioVersion = 10.0.40219.1
Project("{9A19103F-16F7-4668-BE54-9A1E7A4F7556}") = "Ecommerce.Web", "Ecommerce.Web\Ecommerce.Web.csproj", "{27287745-3B53-4EFF-B1F3-163AAD3B1EFF}"
EndProject
Project("{9A19103F-16F7-4668-BE54-9A1E7A4F7556}") = "Ecommerce.App.Test", "Ecommerce.App.Test\Ecommerce.App.Test.csproj", "{91D252E4-4B28-4956-8123-C933F03BEFFD}"
EndProject
Project("{9A19103F-16F7-4668-BE54-9A1E7A4F7556}") = "Solid.Ecommerce.Shared.EntityModels.SqlServer", "Solid.Ecommerce.Shared.EntityModels.SqlServer\Solid.Ecommerce.Shared.EntityModels.SqlServer.csproj", "{48A84583-D895-4591-9A24-4905A6194B27}"
EndProject
Project("{9A19103F-16F7-4668-BE54-9A1E7A4F7556}") = "Solid.Ecommerce.Domain", "Solid.Ecommerce.Domain\Solid.Ecommerce.Domain.csproj", "{CEC8C17D-8BFC-4AEF-BA06-999E6C16FC0F}"
EndProject
Project("{9A19103F-16F7-4668-BE54-9A1E7A4F7556}") = "Solid.Ecommerce.Application", "Solid.Ecommerce.Application\Solid.Ecommerce.Application.csproj", "{90D1FC98-7FCA-42B0-90D4-061FFC1B37E1}"
EndProject
Project("{9A19103F-16F7-4668-BE54-9A1E7A4F7556}") = "Solid.Ecommerce.Infrastructure", "Solid.Ecommerce.Infrastructure\Solid.Ecommerce.Infrastructure.csproj", "{D08E3C1E-197B-438D-87F7-5AEDDF01E9FA}"
EndProject
Project("{9A19103F-16F7-4668-BE54-9A1E7A4F7556}") = "Solid.Ecommerce.Services", "Solid.Ecommerce.Services\Solid.Ecommerce.Services.csproj", "{5CC8A65B-8036-4E54-B581-D2EFF68DA8A4}"
EndProject
Global
	GlobalSection(SolutionConfigurationPlatforms) = preSolution
		Debug|Any CPU = Debug|Any CPU
		Release|Any CPU = Release|Any CPU
	EndGlobalSection
	GlobalSection(ProjectConfigurationPlatforms) = postSolution
		{27287745-3B53-4EFF-B1F3-163AAD3B1EFF}.Debug|Any CPU.ActiveCfg = Debug|Any CPU
		{27287745-3B53-4EFF-B1F3-163AAD3B1EFF}.Debug|Any CPU.Build.0 = Debug|Any CPU
		{27287745-3B53-4EFF-B1F3-163AAD3B1EFF}.Release|Any CPU.ActiveCfg = Release|Any CPU
		{27287745-3B53-4EFF-B1F3-163AAD3B1EFF}.Release|Any CPU.Build.0 = Release|Any CPU
		{91D252E4-4B28-4956-8123-C933F03BEFFD}.Debug|Any CPU.ActiveCfg = Debug|Any CPU
		{91D252E4-4B28-4956-8123-C933F03BEFFD}.Debug|Any CPU.Build.0 = Debug|Any CPU
		{91D252E4-4B28-4956-8123-C933F03BEFFD}.Release|Any CPU.ActiveCfg = Release|Any CPU
		{91D252E4-4B28-4956-8123-C933F03BEFFD}.Release|Any CPU.Build.0 = Release|Any CPU
		{48A84583-D895-4591-9A24-4905A6194B27}.Debug|Any CPU.ActiveCfg = Debug|Any CPU
		{48A84583-D895-4591-9A24-4905A6194B27}.Debug|Any CPU.Build.0 = Debug|Any CPU
		{48A84583-D895-4591-9A24-4905A6194B27}.Release|Any CPU.ActiveCfg = Release|Any CPU
		{48A84583-D895-4591-9A24-4905A6194B27}.Release|Any CPU.Build.0 = Release|Any CPU
		{CEC8C17D-8BFC-4AEF-BA06-999E6C16FC0F}.Debug|Any CPU.ActiveCfg = Debug|Any CPU
		{CEC8C17D-8BFC-4AEF-BA06-999E6C16FC0F}.Debug|Any CPU.Build.0 = Debug|Any CPU
		{CEC8C17D-8BFC-4AEF-BA06-999E6C16FC0F}.Release|Any CPU.ActiveCfg = Release|Any CPU
		{CEC8C17D-8BFC-4AEF-BA06-999E6C16FC0F}.Release|Any CPU.Build.0 = Release|Any CPU
		{90D1FC98-7FCA-42B0-90D4-061FFC1B37E1}.Debug|Any CPU.ActiveCfg = Debug|Any CPU
		{90D1FC98-7FCA-42B0-90D4-061FFC1B37E1}.Debug|Any CPU.Build.0 = Debug|Any CPU
		{90D1FC98-7FCA-42B0-90D4-061FFC1B37E1}.Release|Any CPU.ActiveCfg = Release|Any CPU
		{90D1FC98-7FCA-42B0-90D4-061FFC1B37E1}.Release|Any CPU.Build.0 = Release|Any CPU
		{D08E3C1E-197B-438D-87F7-5AEDDF01E9FA}.Debug|Any CPU.ActiveCfg = Debug|Any CPU
		{D08E3C1E-197B-438D-87F7-5AEDDF01E9FA}.Debug|Any CPU.Build.0 = Debug|Any CPU
		{D08E3C1E-197B-438D-87F7-5AEDDF01E9FA}.Release|Any CPU.ActiveCfg = Release|Any CPU
		{D08E3C1E-197B-438D-87F7-5AEDDF01E9FA}.Release|Any CPU.Build.0 = Release|Any CPU
		{5CC8A65B-8036-4E54-B581-D2EFF68DA8A4}.Debug|Any CPU.ActiveCfg = Debug|Any CPU
		{5CC8A65B-8036-4E54-B581-D2EFF68DA8A4}.Debug|Any CPU.Build.0 = Debug|Any CPU
		{5CC8A65B-8036-4E54-B581-D2EFF68DA8A4}.Release|Any CPU.ActiveCfg = Release|Any CPU
		{5CC8A65B-8036-4E54-B581-D2EFF68DA8A4}.Release|Any CPU.Build.0 = Release|Any CPU
	EndGlobalSection
	GlobalSection(SolutionProperties) = preSolution
		HideSolutionNode = FALSE
	EndGlobalSection
	GlobalSection(ExtensibilityGlobals) = postSolution
		SolutionGuid = {A3B722A3-6AE0-4654-989B-26364BD90FEB}
	EndGlobalSection
EndGlobal
